
Microsoft Visual Studio Solution File, Format Version 12.00
# Visual Studio 2013
VisualStudioVersion = 12.0.21005.1
MinimumVisualStudioVersion = 10.0.40219.1
Project("{FAE04EC0-301F-11D3-BF4B-00C04F79EFBC}") = "MVP", "MVP\MVP.csproj", "{1AC94822-F9FE-4AEA-836A-54CDFC4A973A}"
EndProject
Global
	GlobalSection(SolutionConfigurationPlatforms) = preSolution
		Debug|Any CPU = Debug|Any CPU
		Release|Any CPU = Release|Any CPU
	EndGlobalSection
	GlobalSection(ProjectConfigurationPlatforms) = postSolution
		{1AC94822-F9FE-4AEA-836A-54CDFC4A973A}.Debug|Any CPU.ActiveCfg = Debug|Any CPU
		{1AC94822-F9FE-4AEA-836A-54CDFC4A973A}.Debug|Any CPU.Build.0 = Debug|Any CPU
		{1AC94822-F9FE-4AEA-836A-54CDFC4A973A}.Release|Any CPU.ActiveCfg = Release|Any CPU
		{1AC94822-F9FE-4AEA-836A-54CDFC4A973A}.Release|Any CPU.Build.0 = Release|Any CPU
	EndGlobalSection
	GlobalSection(SolutionProperties) = preSolution
		HideSolutionNode = FALSE
	EndGlobalSection
EndGlobal
